
Microsoft Visual Studio Solution File, Format Version 12.00
# Visual Studio 15
VisualStudioVersion = 15.0.28010.2050
MinimumVisualStudioVersion = 10.0.40219.1
Project("{54435603-DBB4-11D2-8724-00A0C9A8B90C}") = "VocabulateInstaller", "VocabulateInstaller\VocabulateInstaller.vdproj", "{619B8681-7ACB-4611-AE21-4ACA3C41BFD2}"
EndProject
Global
	GlobalSection(SolutionConfigurationPlatforms) = preSolution
		Debug|Default = Debug|Default
		Release|Default = Release|Default
	EndGlobalSection
	GlobalSection(ProjectConfigurationPlatforms) = postSolution
		{619B8681-7ACB-4611-AE21-4ACA3C41BFD2}.Debug|Default.ActiveCfg = Release
		{619B8681-7ACB-4611-AE21-4ACA3C41BFD2}.Debug|Default.Build.0 = Release
		{619B8681-7ACB-4611-AE21-4ACA3C41BFD2}.Release|Default.ActiveCfg = Release
		{619B8681-7ACB-4611-AE21-4ACA3C41BFD2}.Release|Default.Build.0 = Release
	EndGlobalSection
	GlobalSection(SolutionProperties) = preSolution
		HideSolutionNode = FALSE
	EndGlobalSection
	GlobalSection(ExtensibilityGlobals) = postSolution
		SolutionGuid = {F0F6A32E-ABAB-40BD-9FB4-68A1D9BB0730}
	EndGlobalSection
EndGlobal
